
Microsoft Visual Studio Solution File, Format Version 12.00
# Visual Studio Version 16
VisualStudioVersion = 16.0.810.25
MinimumVisualStudioVersion = 10.0.40219.1
Project("{FAE04EC0-301F-11D3-BF4B-00C04F79EFBC}") = "Bloggen", "Bloggen\Bloggen.csproj", "{B903BA15-2C2C-49CE-B4D2-6E2CD00AFCF0}"
EndProject
Global
	GlobalSection(SolutionConfigurationPlatforms) = preSolution
		Debug|Any CPU = Debug|Any CPU
		Release|Any CPU = Release|Any CPU
	EndGlobalSection
	GlobalSection(ProjectConfigurationPlatforms) = postSolution
		{B903BA15-2C2C-49CE-B4D2-6E2CD00AFCF0}.Debug|Any CPU.ActiveCfg = Debug|Any CPU
		{B903BA15-2C2C-49CE-B4D2-6E2CD00AFCF0}.Debug|Any CPU.Build.0 = Debug|Any CPU
		{B903BA15-2C2C-49CE-B4D2-6E2CD00AFCF0}.Release|Any CPU.ActiveCfg = Release|Any CPU
		{B903BA15-2C2C-49CE-B4D2-6E2CD00AFCF0}.Release|Any CPU.Build.0 = Release|Any CPU
	EndGlobalSection
	GlobalSection(SolutionProperties) = preSolution
		HideSolutionNode = FALSE
	EndGlobalSection
	GlobalSection(ExtensibilityGlobals) = postSolution
		SolutionGuid = {2D18C1D4-46B7-4FE7-8108-48F4AB051057}
	EndGlobalSection
EndGlobal
